// !$*UTF8*$!
{
	archiveVersion = 1;
	classes = {
	};
	objectVersion = 50;
	objects = {

/* Begin PBXBuildFile section */
		B5C0CF0224E33B5F004E120A /* AppDelegate.swift in Sources */ = {isa = PBXBuildFile; fileRef = B5C0CF0124E33B5F004E120A /* AppDelegate.swift */; };
		B5C0CF0424E33B5F004E120A /* SceneDelegate.swift in Sources */ = {isa = PBXBuildFile; fileRef = B5C0CF0324E33B5F004E120A /* SceneDelegate.swift */; };
		B5C0CF0624E33B5F004E120A /* ViewController.swift in Sources */ = {isa = PBXBuildFile; fileRef = B5C0CF0524E33B5F004E120A /* ViewController.swift */; };
		B5C0CF0924E33B5F004E120A /* Main.storyboard in Resources */ = {isa = PBXBuildFile; fileRef = B5C0CF0724E33B5F004E120A /* Main.storyboard */; };
		B5C0CF0B24E33B61004E120A /* Assets.xcassets in Resources */ = {isa = PBXBuildFile; fileRef = B5C0CF0A24E33B61004E120A /* Assets.xcassets */; };
		B5C0CF0E24E33B61004E120A /* LaunchScreen.storyboard in Resources */ = {isa = PBXBuildFile; fileRef = B5C0CF0C24E33B61004E120A /* LaunchScreen.storyboard */; };
		B5C0CF1924E33B61004E120A /* AccentureTestTests.swift in Sources */ = {isa = PBXBuildFile; fileRef = B5C0CF1824E33B61004E120A /* AccentureTestTests.swift */; };
/* End PBXBuildFile section */

/* Begin PBXContainerItemProxy section */
		B5C0CF1524E33B61004E120A /* PBXContainerItemProxy */ = {
			isa = PBXContainerItemProxy;
			containerPortal = B5C0CEF624E33B5F004E120A /* Project object */;
			proxyType = 1;
			remoteGlobalIDString = B5C0CEFD24E33B5F004E120A;
			remoteInfo = AccentureTest;
		};
/* End PBXContainerItemProxy section */

/* Begin PBXFileReference section */
		B5C0CEFE24E33B5F004E120A /* AccentureTest.app */ = {isa = PBXFileReference; explicitFileType = wrapper.application; includeInIndex = 0; path = AccentureTest.app; sourceTree = BUILT_PRODUCTS_DIR; };
		B5C0CF0124E33B5F004E120A /* AppDelegate.swift */ = {isa = PBXFileReference; lastKnownFileType = sourcecode.swift; path = AppDelegate.swift; sourceTree = "<group>"; };
		B5C0CF0324E33B5F004E120A /* SceneDelegate.swift */ = {isa = PBXFileReference; lastKnownFileType = sourcecode.swift; path = SceneDelegate.swift; sourceTree = "<group>"; };
		B5C0CF0524E33B5F004E120A /* ViewController.swift */ = {isa = PBXFileReference; lastKnownFileType = sourcecode.swift; path = ViewController.swift; sourceTree = "<group>"; };
		B5C0CF0824E33B5F004E120A /* Base */ = {isa = PBXFileReference; lastKnownFileType = file.storyboard; name = Base; path = Base.lproj/Main.storyboard; sourceTree = "<group>"; };
		B5C0CF0A24E33B61004E120A /* Assets.xcassets */ = {isa = PBXFileReference; lastKnownFileType = folder.assetcatalog; path = Assets.xcassets; sourceTree = "<group>"; };
		B5C0CF0D24E33B61004E120A /* Base */ = {isa = PBXFileReference; lastKnownFileType = file.storyboard; name = Base; path = Base.lproj/LaunchScreen.storyboard; sourceTree = "<group>"; };
		B5C0CF0F24E33B61004E120A /* Info.plist */ = {isa = PBXFileReference; lastKnownFileType = text.plist.xml; path = Info.plist; sourceTree = "<group>"; };
		B5C0CF1424E33B61004E120A /* AccentureTestTests.xctest */ = {isa = PBXFileReference; explicitFileType = wrapper.cfbundle; includeInIndex = 0; path = AccentureTestTests.xctest; sourceTree = BUILT_PRODUCTS_DIR; };
		B5C0CF1824E33B61004E120A /* AccentureTestTests.swift */ = {isa = PBXFileReference; lastKnownFileType = sourcecode.swift; path = AccentureTestTests.swift; sourceTree = "<group>"; };
		B5C0CF1A24E33B61004E120A /* Info.plist */ = {isa = PBXFileReference; lastKnownFileType = text.plist.xml; path = Info.plist; sourceTree = "<group>"; };
/* End PBXFileReference section */

/* Begin PBXFrameworksBuildPhase section */
		B5C0CEFB24E33B5F004E120A /* Frameworks */ = {
			isa = PBXFrameworksBuildPhase;
			buildActionMask = 2147483647;
			files = (
			);
			runOnlyForDeploymentPostprocessing = 0;
		};
		B5C0CF1124E33B61004E120A /* Frameworks */ = {
			isa = PBXFrameworksBuildPhase;
			buildActionMask = 2147483647;
			files = (
			);
			runOnlyForDeploymentPostprocessing = 0;
		};
/* End PBXFrameworksBuildPhase section */

/* Begin PBXGroup section */
		B5C0CEF524E33B5F004E120A = {
			isa = PBXGroup;
			children = (
				B5C0CF0024E33B5F004E120A /* AccentureTest */,
				B5C0CF1724E33B61004E120A /* AccentureTestTests */,
				B5C0CEFF24E33B5F004E120A /* Products */,
			);
			sourceTree = "<group>";
		};
		B5C0CEFF24E33B5F004E120A /* Products */ = {
			isa = PBXGroup;
			children = (
				B5C0CEFE24E33B5F004E120A /* AccentureTest.app */,
				B5C0CF1424E33B61004E120A /* AccentureTestTests.xctest */,
			);
			name = Products;
			sourceTree = "<group>";
		};
		B5C0CF0024E33B5F004E120A /* AccentureTest */ = {
			isa = PBXGroup;
			children = (
				B5C0CF0124E33B5F004E120A /* AppDelegate.swift */,
				B5C0CF0324E33B5F004E120A /* SceneDelegate.swift */,
				B5C0CF0524E33B5F004E120A /* ViewController.swift */,
				B5C0CF0724E33B5F004E120A /* Main.storyboard */,
				B5C0CF0A24E33B61004E120A /* Assets.xcassets */,
				B5C0CF0C24E33B61004E120A /* LaunchScreen.storyboard */,
				B5C0CF0F24E33B61004E120A /* Info.plist */,
			);
			path = AccentureTest;
			sourceTree = "<group>";
		};
		B5C0CF1724E33B61004E120A /* AccentureTestTests */ = {
			isa = PBXGroup;
			children = (
				B5C0CF1824E33B61004E120A /* AccentureTestTests.swift */,
				B5C0CF1A24E33B61004E120A /* Info.plist */,
			);
			path = AccentureTestTests;
			sourceTree = "<group>";
		};
/* End PBXGroup section */

/* Begin PBXNativeTarget section */
		B5C0CEFD24E33B5F004E120A /* AccentureTest */ = {
			isa = PBXNativeTarget;
			buildConfigurationList = B5C0CF1D24E33B61004E120A /* Build configuration list for PBXNativeTarget "AccentureTest" */;
			buildPhases = (
				B5C0CEFA24E33B5F004E120A /* Sources */,
				B5C0CEFB24E33B5F004E120A /* Frameworks */,
				B5C0CEFC24E33B5F004E120A /* Resources */,
			);
			buildRules = (
			);
			dependencies = (
			);
			name = AccentureTest;
			productName = AccentureTest;
			productReference = B5C0CEFE24E33B5F004E120A /* AccentureTest.app */;
			productType = "com.apple.product-type.application";
		};
		B5C0CF1324E33B61004E120A /* AccentureTestTests */ = {
			isa = PBXNativeTarget;
			buildConfigurationList = B5C0CF2024E33B61004E120A /* Build configuration list for PBXNativeTarget "AccentureTestTests" */;
			buildPhases = (
				B5C0CF1024E33B61004E120A /* Sources */,
				B5C0CF1124E33B61004E120A /* Frameworks */,
				B5C0CF1224E33B61004E120A /* Resources */,
			);
			buildRules = (
			);
			dependencies = (
				B5C0CF1624E33B61004E120A /* PBXTargetDependency */,
			);
			name = AccentureTestTests;
			productName = AccentureTestTests;
			productReference = B5C0CF1424E33B61004E120A /* AccentureTestTests.xctest */;
			productType = "com.apple.product-type.bundle.unit-test";
		};
/* End PBXNativeTarget section */

/* Begin PBXProject section */
		B5C0CEF624E33B5F004E120A /* Project object */ = {
			isa = PBXProject;
			attributes = {
				LastSwiftUpdateCheck = 1160;
				LastUpgradeCheck = 1160;
				ORGANIZATIONNAME = "Vitor Silva";
				TargetAttributes = {
					B5C0CEFD24E33B5F004E120A = {
						CreatedOnToolsVersion = 11.6;
					};
					B5C0CF1324E33B61004E120A = {
						CreatedOnToolsVersion = 11.6;
						TestTargetID = B5C0CEFD24E33B5F004E120A;
					};
				};
			};
			buildConfigurationList = B5C0CEF924E33B5F004E120A /* Build configuration list for PBXProject "AccentureTest" */;
			compatibilityVersion = "Xcode 9.3";
			developmentRegion = en;
			hasScannedForEncodings = 0;
			knownRegions = (
				en,
				Base,
			);
			mainGroup = B5C0CEF524E33B5F004E120A;
			productRefGroup = B5C0CEFF24E33B5F004E120A /* Products */;
			projectDirPath = "";
			projectRoot = "";
			targets = (
				B5C0CEFD24E33B5F004E120A /* AccentureTest */,
				B5C0CF1324E33B61004E120A /* AccentureTestTests */,
			);
		};
/* End PBXProject section */

/* Begin PBXResourcesBuildPhase section */
		B5C0CEFC24E33B5F004E120A /* Resources */ = {
			isa = PBXResourcesBuildPhase;
			buildActionMask = 2147483647;
			files = (
				B5C0CF0E24E33B61004E120A /* LaunchScreen.storyboard in Resources */,
				B5C0CF0B24E33B61004E120A /* Assets.xcassets in Resources */,
				B5C0CF0924E33B5F004E120A /* Main.storyboard in Resources */,
			);
			runOnlyForDeploymentPostprocessing = 0;
		};
		B5C0CF1224E33B61004E120A /* Resources */ = {
			isa = PBXResourcesBuildPhase;
			buildActionMask = 2147483647;
			files = (
			);
			runOnlyForDeploymentPostprocessing = 0;
		};
/* End PBXResourcesBuildPhase section */

/* Begin PBXSourcesBuildPhase section */
		B5C0CEFA24E33B5F004E120A /* Sources */ = {
			isa = PBXSourcesBuildPhase;
			buildActionMask = 2147483647;
			files = (
				B5C0CF0624E33B5F004E120A /* ViewController.swift in Sources */,
				B5C0CF0224E33B5F004E120A /* AppDelegate.swift in Sources */,
				B5C0CF0424E33B5F004E120A /* SceneDelegate.swift in Sources */,
			);
			runOnlyForDeploymentPostprocessing = 0;
		};
		B5C0CF1024E33B61004E120A /* Sources */ = {
			isa = PBXSourcesBuildPhase;
			buildActionMask = 2147483647;
			files = (
				B5C0CF1924E33B61004E120A /* AccentureTestTests.swift in Sources */,
			);
			runOnlyForDeploymentPostprocessing = 0;
		};
/* End PBXSourcesBuildPhase section */

/* Begin PBXTargetDependency section */
		B5C0CF1624E33B61004E120A /* PBXTargetDependency */ = {
			isa = PBXTargetDependency;
			target = B5C0CEFD24E33B5F004E120A /* AccentureTest */;
			targetProxy = B5C0CF1524E33B61004E120A /* PBXContainerItemProxy */;
		};
/* End PBXTargetDependency section */

/* Begin PBXVariantGroup section */
		B5C0CF0724E33B5F004E120A /* Main.storyboard */ = {
			isa = PBXVariantGroup;
			children = (
				B5C0CF0824E33B5F004E120A /* Base */,
			);
			name = Main.storyboard;
			sourceTree = "<group>";
		};
		B5C0CF0C24E33B61004E120A /* LaunchScreen.storyboard */ = {
			isa = PBXVariantGroup;
			children = (
				B5C0CF0D24E33B61004E120A /* Base */,
			);
			name = LaunchScreen.storyboard;
			sourceTree = "<group>";
		};
/* End PBXVariantGroup section */

/* Begin XCBuildConfiguration section */
		B5C0CF1B24E33B61004E120A /* Debug */ = {
			isa = XCBuildConfiguration;
			buildSettings = {
				ALWAYS_SEARCH_USER_PATHS = NO;
				CLANG_ANALYZER_NONNULL = YES;
				CLANG_ANALYZER_NUMBER_OBJECT_CONVERSION = YES_AGGRESSIVE;
				CLANG_CXX_LANGUAGE_STANDARD = "gnu++14";
				CLANG_CXX_LIBRARY = "libc++";
				CLANG_ENABLE_MODULES = YES;
				CLANG_ENABLE_OBJC_ARC = YES;
				CLANG_ENABLE_OBJC_WEAK = YES;
				CLANG_WARN_BLOCK_CAPTURE_AUTORELEASING = YES;
				CLANG_WARN_BOOL_CONVERSION = YES;
				CLANG_WARN_COMMA = YES;
				CLANG_WARN_CONSTANT_CONVERSION = YES;
				CLANG_WARN_DEPRECATED_OBJC_IMPLEMENTATIONS = YES;
				CLANG_WARN_DIRECT_OBJC_ISA_USAGE = YES_ERROR;
				CLANG_WARN_DOCUMENTATION_COMMENTS = YES;
				CLANG_WARN_EMPTY_BODY = YES;
				CLANG_WARN_ENUM_CONVERSION = YES;
				CLANG_WARN_INFINITE_RECURSION = YES;
				CLANG_WARN_INT_CONVERSION = YES;
				CLANG_WARN_NON_LITERAL_NULL_CONVERSION = YES;
				CLANG_WARN_OBJC_IMPLICIT_RETAIN_SELF = YES;
				CLANG_WARN_OBJC_LITERAL_CONVERSION = YES;
				CLANG_WARN_OBJC_ROOT_CLASS = YES_ERROR;
				CLANG_WARN_RANGE_LOOP_ANALYSIS = YES;
				CLANG_WARN_STRICT_PROTOTYPES = YES;
				CLANG_WARN_SUSPICIOUS_MOVE = YES;
				CLANG_WARN_UNGUARDED_AVAILABILITY = YES_AGGRESSIVE;
				CLANG_WARN_UNREACHABLE_CODE = YES;
				CLANG_WARN__DUPLICATE_METHOD_MATCH = YES;
				COPY_PHASE_STRIP = NO;
				DEBUG_INFORMATION_FORMAT = dwarf;
				ENABLE_STRICT_OBJC_MSGSEND = YES;
				ENABLE_TESTABILITY = YES;
				GCC_C_LANGUAGE_STANDARD = gnu11;
				GCC_DYNAMIC_NO_PIC = NO;
				GCC_NO_COMMON_BLOCKS = YES;
				GCC_OPTIMIZATION_LEVEL = 0;
				GCC_PREPROCESSOR_DEFINITIONS = (
					"DEBUG=1",
					"$(inherited)",
				);
				GCC_WARN_64_TO_32_BIT_CONVERSION = YES;
				GCC_WARN_ABOUT_RETURN_TYPE = YES_ERROR;
				GCC_WARN_UNDECLARED_SELECTOR = YES;
				GCC_WARN_UNINITIALIZED_AUTOS = YES_AGGRESSIVE;
				GCC_WARN_UNUSED_FUNCTION = YES;
				GCC_WARN_UNUSED_VARIABLE = YES;
				IPHONEOS_DEPLOYMENT_TARGET = 13.6;
				MTL_ENABLE_DEBUG_INFO = INCLUDE_SOURCE;
				MTL_FAST_MATH = YES;
				ONLY_ACTIVE_ARCH = YES;
				SDKROOT = iphoneos;
				SWIFT_ACTIVE_COMPILATION_CONDITIONS = DEBUG;
				SWIFT_OPTIMIZATION_LEVEL = "-Onone";
			};
			name = Debug;
		};
		B5C0CF1C24E33B61004E120A /* Release */ = {
			isa = XCBuildConfiguration;
			buildSettings = {
				ALWAYS_SEARCH_USER_PATHS = NO;
				CLANG_ANALYZER_NONNULL = YES;
				CLANG_ANALYZER_NUMBER_OBJECT_CONVERSION = YES_AGGRESSIVE;
				CLANG_CXX_LANGUAGE_STANDARD = "gnu++14";
				CLANG_CXX_LIBRARY = "libc++";
				CLANG_ENABLE_MODULES = YES;
				CLANG_ENABLE_OBJC_ARC = YES;
				CLANG_ENABLE_OBJC_WEAK = YES;
				CLANG_WARN_BLOCK_CAPTURE_AUTORELEASING = YES;
				CLANG_WARN_BOOL_CONVERSION = YES;
				CLANG_WARN_COMMA = YES;
				CLANG_WARN_CONSTANT_CONVERSION = YES;
				CLANG_WARN_DEPRECATED_OBJC_IMPLEMENTATIONS = YES;
				CLANG_WARN_DIRECT_OBJC_ISA_USAGE = YES_ERROR;
				CLANG_WARN_DOCUMENTATION_COMMENTS = YES;
				CLANG_WARN_EMPTY_BODY = YES;
				CLANG_WARN_ENUM_CONVERSION = YES;
				CLANG_WARN_INFINITE_RECURSION = YES;
				CLANG_WARN_INT_CONVERSION = YES;
				CLANG_WARN_NON_LITERAL_NULL_CONVERSION = YES;
				CLANG_WARN_OBJC_IMPLICIT_RETAIN_SELF = YES;
				CLANG_WARN_OBJC_LITERAL_CONVERSION = YES;
				CLANG_WARN_OBJC_ROOT_CLASS = YES_ERROR;
				CLANG_WARN_RANGE_LOOP_ANALYSIS = YES;
				CLANG_WARN_STRICT_PROTOTYPES = YES;
				CLANG_WARN_SUSPICIOUS_MOVE = YES;
				CLANG_WARN_UNGUARDED_AVAILABILITY = YES_AGGRESSIVE;
				CLANG_WARN_UNREACHABLE_CODE = YES;
				CLANG_WARN__DUPLICATE_METHOD_MATCH = YES;
				COPY_PHASE_STRIP = NO;
				DEBUG_INFORMATION_FORMAT = "dwarf-with-dsym";
				ENABLE_NS_ASSERTIONS = NO;
				ENABLE_STRICT_OBJC_MSGSEND = YES;
				GCC_C_LANGUAGE_STANDARD = gnu11;
				GCC_NO_COMMON_BLOCKS = YES;
				GCC_WARN_64_TO_32_BIT_CONVERSION = YES;
				GCC_WARN_ABOUT_RETURN_TYPE = YES_ERROR;
				GCC_WARN_UNDECLARED_SELECTOR = YES;
				GCC_WARN_UNINITIALIZED_AUTOS = YES_AGGRESSIVE;
				GCC_WARN_UNUSED_FUNCTION = YES;
				GCC_WARN_UNUSED_VARIABLE = YES;
				IPHONEOS_DEPLOYMENT_TARGET = 13.6;
				MTL_ENABLE_DEBUG_INFO = NO;
				MTL_FAST_MATH = YES;
				SDKROOT = iphoneos;
				SWIFT_COMPILATION_MODE = wholemodule;
				SWIFT_OPTIMIZATION_LEVEL = "-O";
				VALIDATE_PRODUCT = YES;
			};
			name = Release;
		};
		B5C0CF1E24E33B61004E120A /* Debug */ = {
			isa = XCBuildConfiguration;
			buildSettings = {
				ASSETCATALOG_COMPILER_APPICON_NAME = AppIcon;
				CODE_SIGN_STYLE = Automatic;
				DEVELOPMENT_TEAM = 5Q98FY89DC;
				INFOPLIST_FILE = AccentureTest/Info.plist;
				LD_RUNPATH_SEARCH_PATHS = (
					"$(inherited)",
					"@executable_path/Frameworks",
				);
				PRODUCT_BUNDLE_IDENTIFIER = br.com.vitorsilva.AccentureTest;
				PRODUCT_NAME = "$(TARGET_NAME)";
				SWIFT_VERSION = 5.0;
				TARGETED_DEVICE_FAMILY = "1,2";
			};
			name = Debug;
		};
		B5C0CF1F24E33B61004E120A /* Release */ = {
			isa = XCBuildConfiguration;
			buildSettings = {
				ASSETCATALOG_COMPILER_APPICON_NAME = AppIcon;
				CODE_SIGN_STYLE = Automatic;
				DEVELOPMENT_TEAM = 5Q98FY89DC;
				INFOPLIST_FILE = AccentureTest/Info.plist;
				LD_RUNPATH_SEARCH_PATHS = (
					"$(inherited)",
					"@executable_path/Frameworks",
				);
				PRODUCT_BUNDLE_IDENTIFIER = br.com.vitorsilva.AccentureTest;
				PRODUCT_NAME = "$(TARGET_NAME)";
				SWIFT_VERSION = 5.0;
				TARGETED_DEVICE_FAMILY = "1,2";
			};
			name = Release;
		};
		B5C0CF2124E33B61004E120A /* Debug */ = {
			isa = XCBuildConfiguration;
			buildSettings = {
				ALWAYS_EMBED_SWIFT_STANDARD_LIBRARIES = YES;
				BUNDLE_LOADER = "$(TEST_HOST)";
				CODE_SIGN_STYLE = Automatic;
				DEVELOPMENT_TEAM = 5Q98FY89DC;
				INFOPLIST_FILE = AccentureTestTests/Info.plist;
				IPHONEOS_DEPLOYMENT_TARGET = 13.6;
				LD_RUNPATH_SEARCH_PATHS = (
					"$(inherited)",
					"@executable_path/Frameworks",
					"@loader_path/Frameworks",
				);
				PRODUCT_BUNDLE_IDENTIFIER = br.com.vitorsilva.AccentureTestTests;
				PRODUCT_NAME = "$(TARGET_NAME)";
				SWIFT_VERSION = 5.0;
				TARGETED_DEVICE_FAMILY = "1,2";
				TEST_HOST = "$(BUILT_PRODUCTS_DIR)/AccentureTest.app/AccentureTest";
			};
			name = Debug;
		};
		B5C0CF2224E33B61004E120A /* Release */ = {
			isa = XCBuildConfiguration;
			buildSettings = {
				ALWAYS_EMBED_SWIFT_STANDARD_LIBRARIES = YES;
				BUNDLE_LOADER = "$(TEST_HOST)";
				CODE_SIGN_STYLE = Automatic;
				DEVELOPMENT_TEAM = 5Q98FY89DC;
				INFOPLIST_FILE = AccentureTestTests/Info.plist;
				IPHONEOS_DEPLOYMENT_TARGET = 13.6;
				LD_RUNPATH_SEARCH_PATHS = (
					"$(inherited)",
					"@executable_path/Frameworks",
					"@loader_path/Frameworks",
				);
				PRODUCT_BUNDLE_IDENTIFIER = br.com.vitorsilva.AccentureTestTests;
				PRODUCT_NAME = "$(TARGET_NAME)";
				SWIFT_VERSION = 5.0;
				TARGETED_DEVICE_FAMILY = "1,2";
				TEST_HOST = "$(BUILT_PRODUCTS_DIR)/AccentureTest.app/AccentureTest";
			};
			name = Release;
		};
/* End XCBuildConfiguration section */

/* Begin XCConfigurationList section */
		B5C0CEF924E33B5F004E120A /* Build configuration list for PBXProject "AccentureTest" */ = {
			isa = XCConfigurationList;
			buildConfigurations = (
				B5C0CF1B24E33B61004E120A /* Debug */,
				B5C0CF1C24E33B61004E120A /* Release */,
			);
			defaultConfigurationIsVisible = 0;
			defaultConfigurationName = Release;
		};
		B5C0CF1D24E33B61004E120A /* Build configuration list for PBXNativeTarget "AccentureTest" */ = {
			isa = XCConfigurationList;
			buildConfigurations = (
				B5C0CF1E24E33B61004E120A /* Debug */,
				B5C0CF1F24E33B61004E120A /* Release */,
			);
			defaultConfigurationIsVisible = 0;
			defaultConfigurationName = Release;
		};
		B5C0CF2024E33B61004E120A /* Build configuration list for PBXNativeTarget "AccentureTestTests" */ = {
			isa = XCConfigurationList;
			buildConfigurations = (
				B5C0CF2124E33B61004E120A /* Debug */,
				B5C0CF2224E33B61004E120A /* Release */,
			);
			defaultConfigurationIsVisible = 0;
			defaultConfigurationName = Release;
		};
/* End XCConfigurationList section */
	};
	rootObject = B5C0CEF624E33B5F004E120A /* Project object */;
}
